
Microsoft Visual Studio Solution File, Format Version 12.00
# Visual Studio Version 17
VisualStudioVersion = 17.3.32929.385
MinimumVisualStudioVersion = 10.0.40219.1
Project("{FAE04EC0-301F-11D3-BF4B-00C04F79EFBC}") = "Crintea_Miruna_Lab2", "Crintea_Miruna_Lab2.csproj", "{78A59FBA-EC83-4B31-A0DF-9A7DE3CC7798}"
EndProject
Global
	GlobalSection(SolutionConfigurationPlatforms) = preSolution
		Debug|Any CPU = Debug|Any CPU
		Release|Any CPU = Release|Any CPU
	EndGlobalSection
	GlobalSection(ProjectConfigurationPlatforms) = postSolution
		{78A59FBA-EC83-4B31-A0DF-9A7DE3CC7798}.Debug|Any CPU.ActiveCfg = Debug|Any CPU
		{78A59FBA-EC83-4B31-A0DF-9A7DE3CC7798}.Debug|Any CPU.Build.0 = Debug|Any CPU
		{78A59FBA-EC83-4B31-A0DF-9A7DE3CC7798}.Release|Any CPU.ActiveCfg = Release|Any CPU
		{78A59FBA-EC83-4B31-A0DF-9A7DE3CC7798}.Release|Any CPU.Build.0 = Release|Any CPU
	EndGlobalSection
	GlobalSection(SolutionProperties) = preSolution
		HideSolutionNode = FALSE
	EndGlobalSection
	GlobalSection(ExtensibilityGlobals) = postSolution
		SolutionGuid = {F099D993-3195-48B5-A278-D402CBCE98D2}
	EndGlobalSection
EndGlobal
